{
  "projects": [
    {
      "projectId": "5dGW8Awro3qq8Hh5MveXLP",
      "version": "0.0.2",
      "dependencies": {},
      "lang": "js",
      "fileLocks": [
        {
          "assetId": "5dGW8Awro3qq8Hh5MveXLP",
          "type": "projectCss",
          "checksum": "6b3576a4cb48d76378f8569c39ba22a8"
        }
      ],
      "codegenVersion": "0.0.1"
    },
    {
      "projectId": "28Ba3BDvRe7EiWdfFNnLB6",
      "version": "1.1.1",
      "dependencies": {},
      "lang": "js",
      "fileLocks": [
        {
          "type": "globalVariant",
          "assetId": "b8vOdIx-F6-",
          "checksum": "781b8ea08adb2d7ee2016f7830132082"
        },
        {
          "assetId": "28Ba3BDvRe7EiWdfFNnLB6",
          "type": "projectCss",
          "checksum": "6a4514a75f27ba4d1229049236bcb404"
        }
      ],
      "codegenVersion": "0.0.1"
    },
    {
      "projectId": "32A6R5tEk8Q2nVvJmPnVbf",
      "version": "latest",
      "dependencies": {
        "28Ba3BDvRe7EiWdfFNnLB6": "1.1.1",
        "5dGW8Awro3qq8Hh5MveXLP": "0.0.2"
      },
      "lang": "js",
      "fileLocks": [
        {
          "type": "globalVariant",
          "assetId": "JeKVrGjK-UcgD",
          "checksum": "9996a2c08a5bc5dca3d1c8ac5896abf6"
        },
        {
          "type": "renderModule",
          "assetId": "8pZcqnZ-MknFj",
          "checksum": "98c7d41a25ab568b0ed5314bb6883f25"
        },
        {
          "type": "cssRules",
          "assetId": "8pZcqnZ-MknFj",
          "checksum": "98c7d41a25ab568b0ed5314bb6883f25"
        },
        {
          "type": "renderModule",
          "assetId": "0gh3t-IoG53DF1",
          "checksum": "6d9d2e2b2ce06d5e124230ffb2751ddf"
        },
        {
          "type": "cssRules",
          "assetId": "0gh3t-IoG53DF1",
          "checksum": "6d9d2e2b2ce06d5e124230ffb2751ddf"
        },
        {
          "type": "renderModule",
          "assetId": "tm91OI3WBC-gJR",
          "checksum": "33ea5baf0752e60e90fb715f8ad62337"
        },
        {
          "type": "cssRules",
          "assetId": "tm91OI3WBC-gJR",
          "checksum": "33ea5baf0752e60e90fb715f8ad62337"
        },
        {
          "type": "renderModule",
          "assetId": "i6Jk8LEazvGVYD",
          "checksum": "63f77c381d6024283e65987cc6d43393"
        },
        {
          "type": "cssRules",
          "assetId": "i6Jk8LEazvGVYD",
          "checksum": "63f77c381d6024283e65987cc6d43393"
        },
        {
          "type": "renderModule",
          "assetId": "3WKSX1zHF_SGon",
          "checksum": "5686a34dffd93a1f4bd1aa01f624c9be"
        },
        {
          "type": "cssRules",
          "assetId": "3WKSX1zHF_SGon",
          "checksum": "5686a34dffd93a1f4bd1aa01f624c9be"
        },
        {
          "type": "renderModule",
          "assetId": "gUkHzBzSx8qkWd",
          "checksum": "41faf364a305a0af355822e8fae72e78"
        },
        {
          "type": "cssRules",
          "assetId": "gUkHzBzSx8qkWd",
          "checksum": "41faf364a305a0af355822e8fae72e78"
        },
        {
          "type": "renderModule",
          "assetId": "ZPeZubRauiZV6n",
          "checksum": "2130dc34d63b8884a12e8107d781b55f"
        },
        {
          "type": "cssRules",
          "assetId": "ZPeZubRauiZV6n",
          "checksum": "2130dc34d63b8884a12e8107d781b55f"
        },
        {
          "type": "renderModule",
          "assetId": "TCynlQ7-fD-aqs",
          "checksum": "9bb15981342d1b84e28bfbe3acb48bbc"
        },
        {
          "type": "cssRules",
          "assetId": "TCynlQ7-fD-aqs",
          "checksum": "9bb15981342d1b84e28bfbe3acb48bbc"
        },
        {
          "type": "renderModule",
          "assetId": "hvcsRsK1439m",
          "checksum": "8828c62b69f9b855447549907321128b"
        },
        {
          "type": "cssRules",
          "assetId": "hvcsRsK1439m",
          "checksum": "8828c62b69f9b855447549907321128b"
        },
        {
          "type": "renderModule",
          "assetId": "yvj2wkMAAxbuq",
          "checksum": "15fb6d595c40129d1650dd77f5f70bfe"
        },
        {
          "type": "cssRules",
          "assetId": "yvj2wkMAAxbuq",
          "checksum": "15fb6d595c40129d1650dd77f5f70bfe"
        },
        {
          "type": "renderModule",
          "assetId": "0FX33L-MQH",
          "checksum": "dd8ae1a4b2a73d36cf3677b0b9e51554"
        },
        {
          "type": "cssRules",
          "assetId": "0FX33L-MQH",
          "checksum": "dd8ae1a4b2a73d36cf3677b0b9e51554"
        },
        {
          "type": "renderModule",
          "assetId": "VTcoPS-NzQ",
          "checksum": "c734847050881bdf7f82c1d01cf1b036"
        },
        {
          "type": "cssRules",
          "assetId": "VTcoPS-NzQ",
          "checksum": "c734847050881bdf7f82c1d01cf1b036"
        },
        {
          "type": "renderModule",
          "assetId": "ubY-OV6QCB",
          "checksum": "2de33e1f3602543d01b1c00f649e1ec0"
        },
        {
          "type": "cssRules",
          "assetId": "ubY-OV6QCB",
          "checksum": "2de33e1f3602543d01b1c00f649e1ec0"
        },
        {
          "type": "renderModule",
          "assetId": "W6HQB4083W",
          "checksum": "6df2ff8e82802ec25d5df1b5658ca65e"
        },
        {
          "type": "cssRules",
          "assetId": "W6HQB4083W",
          "checksum": "6df2ff8e82802ec25d5df1b5658ca65e"
        },
        {
          "type": "renderModule",
          "assetId": "vNWWuNZmZJ",
          "checksum": "039a665711d71015af91f3470e51b2b6"
        },
        {
          "type": "cssRules",
          "assetId": "vNWWuNZmZJ",
          "checksum": "039a665711d71015af91f3470e51b2b6"
        },
        {
          "type": "renderModule",
          "assetId": "L5_Xmsn3V7z",
          "checksum": "b579c6d445cb918a2244bf69837b86e7"
        },
        {
          "type": "cssRules",
          "assetId": "L5_Xmsn3V7z",
          "checksum": "b579c6d445cb918a2244bf69837b86e7"
        },
        {
          "type": "icon",
          "assetId": "GBJg6cacryGTy",
          "checksum": "00502fa0b55ef374b986fb29f575ea01"
        },
        {
          "type": "icon",
          "assetId": "dGM_5ibhmpj5v",
          "checksum": "719a6390e06ad0933c8598f5d1c3cf71"
        },
        {
          "type": "icon",
          "assetId": "6d9hcyD0CNCRL",
          "checksum": "3e1736b424635046dbcac821b7dd125f"
        },
        {
          "type": "icon",
          "assetId": "2Ceb8a2BzC5I_",
          "checksum": "cc6d975e5e20f54af73eccdc9a4a503a"
        },
        {
          "type": "icon",
          "assetId": "q0Gc0jyd-ngyV",
          "checksum": "1e3c969078a503967673c2a4bceb56b8"
        },
        {
          "type": "icon",
          "assetId": "GhWOtliNFu7Up",
          "checksum": "a20ea88d148be67fd7db45ca040dc8db"
        },
        {
          "type": "icon",
          "assetId": "ltecPMGrbzBog",
          "checksum": "1e40f9eb708e200b348cceb5c3b50ff3"
        },
        {
          "type": "icon",
          "assetId": "mcq7Is9ZaF3b0",
          "checksum": "ba9dc71b4ff291f93cb3f03c169ca40c"
        },
        {
          "type": "icon",
          "assetId": "fnWaj3ImuQUI1",
          "checksum": "885b65126e64dfe8d46d82632de93edf"
        },
        {
          "type": "icon",
          "assetId": "1wqoszZmud24i",
          "checksum": "5e00fb0013c545b2d4e9b436dc3d66b7"
        },
        {
          "type": "icon",
          "assetId": "dr2q9b8FZxmJx",
          "checksum": "aa5871a609b74e8013d18c2853947aec"
        },
        {
          "type": "icon",
          "assetId": "PfdC7lMDmyKCm",
          "checksum": "2b7f03de39db915388eda223e46cf70a"
        },
        {
          "type": "icon",
          "assetId": "f1eSxu4yPLlSu",
          "checksum": "69c2b09f87cf2eb18b56fd2d522daa9b"
        },
        {
          "type": "icon",
          "assetId": "w2xQouQciXyqS",
          "checksum": "ad02d58a46265c5cf696b02d62fb8ce6"
        },
        {
          "type": "icon",
          "assetId": "LDJr20piF5PIJ",
          "checksum": "49325ff311d00075c8e8babfdbad9cde"
        },
        {
          "type": "icon",
          "assetId": "w7hVpnWATtdIu",
          "checksum": "b7fa6819af46a3898896e0cd5f62e95f"
        },
        {
          "type": "icon",
          "assetId": "cT-xyH57nTPAP",
          "checksum": "b2efdd2702c6e8ec4cd4b9d70ee1e38c"
        },
        {
          "type": "image",
          "assetId": "o_T_cIRvSIJY3",
          "checksum": "3feafe340004946dc93ab7cfddfafade"
        },
        {
          "type": "image",
          "assetId": "NKNmu-aMW-pN5",
          "checksum": "0c77db1347f58af87f26c6d6ab56c3c0"
        },
        {
          "type": "image",
          "assetId": "hBVs3B2uHrhP-",
          "checksum": "89ded6955506ab7c115215b7fb634152"
        },
        {
          "type": "image",
          "assetId": "TmzcSNmS7mQRh",
          "checksum": "6fc949f1e1afb1eaaed8d21bfc14bfcb"
        },
        {
          "type": "image",
          "assetId": "4oQENgnb8ZFZQ",
          "checksum": "253b824f5cb9b57ea9bf1aff96af49a1"
        },
        {
          "type": "image",
          "assetId": "8otQHGlh9JkJu",
          "checksum": "9ac3be41aac5343e6a598b2ce41add4a"
        },
        {
          "type": "image",
          "assetId": "NOE9g5tcHTrJL",
          "checksum": "55b5bb3a2283c90aa560775bbaa87de6"
        },
        {
          "type": "image",
          "assetId": "vwlcT-4rWH-CN",
          "checksum": "56eb82c94effebf1719178dc276caeef"
        },
        {
          "type": "image",
          "assetId": "x_xZ2kgDYEVng",
          "checksum": "d6effd2c559d82202fb46b19f76e1fb4"
        },
        {
          "type": "image",
          "assetId": "uAVC40EywSFMB",
          "checksum": "b44deb91662b3d58a5fa38f7f8bead56"
        },
        {
          "type": "image",
          "assetId": "sA7_XLM683tLB",
          "checksum": "1f3031a61ff0822a1f333a3309fc938f"
        },
        {
          "type": "image",
          "assetId": "qJwSPz_BxSPQW",
          "checksum": "b80a2490fb0c752773b067757069825d"
        },
        {
          "type": "image",
          "assetId": "kdnwsIIXMc5Tk",
          "checksum": "b0ddd0c2b703e6ce12ce98c9bee91cbe"
        },
        {
          "type": "image",
          "assetId": "JKY0n-WdCOCUw",
          "checksum": "d6a6352e82db2260619fc7c0a07203a1"
        },
        {
          "type": "image",
          "assetId": "SOwZ1hceS9z4Y",
          "checksum": "be4188aed448f8ba8b9a87203d05ae1a"
        },
        {
          "type": "image",
          "assetId": "VJ1Cyen2Kykml",
          "checksum": "076f2a08af5d49f27559c74350eef5cb"
        },
        {
          "type": "image",
          "assetId": "2XTNX5KniJjBV",
          "checksum": "c3fe90d458f443d4cb3b1e0d15a1dcf5"
        },
        {
          "type": "image",
          "assetId": "M2Q4urXOdcBDF",
          "checksum": "07eb5ff97ca1519b34822e1f2f9a4a8c"
        },
        {
          "type": "image",
          "assetId": "5mVaNPF_1N3La",
          "checksum": "1bcc0563cd32aa93008b1d761cf6cdcd"
        },
        {
          "type": "image",
          "assetId": "pSMBo5aRfAqEz",
          "checksum": "c271d61ce2d4f146328e5e9d243ea92d"
        },
        {
          "type": "renderModule",
          "assetId": "nAEUjCFKSM",
          "checksum": "be15793f8f9f859ea3e4a263fcd7465b"
        },
        {
          "type": "cssRules",
          "assetId": "nAEUjCFKSM",
          "checksum": "be15793f8f9f859ea3e4a263fcd7465b"
        },
        {
          "type": "renderModule",
          "assetId": "agZnPQYLHu",
          "checksum": "d0402b139763af3962513771a50cf6f9"
        },
        {
          "type": "cssRules",
          "assetId": "agZnPQYLHu",
          "checksum": "d0402b139763af3962513771a50cf6f9"
        },
        {
          "type": "renderModule",
          "assetId": "yv-K2ZiTgV",
          "checksum": "c0c1392722a6f7efa009c97a510e75f3"
        },
        {
          "type": "cssRules",
          "assetId": "yv-K2ZiTgV",
          "checksum": "c0c1392722a6f7efa009c97a510e75f3"
        },
        {
          "type": "renderModule",
          "assetId": "6B_96A4ymw",
          "checksum": "410391b5b81e1e71a2998d0272080c3c"
        },
        {
          "type": "cssRules",
          "assetId": "6B_96A4ymw",
          "checksum": "410391b5b81e1e71a2998d0272080c3c"
        },
        {
          "type": "image",
          "assetId": "khfxbCgT4",
          "checksum": "4796d89cc5b4e9ece15adc2dc98b0377"
        },
        {
          "type": "image",
          "assetId": "P8lQZOkqL",
          "checksum": "1bfa68530259b300bdc6d7fe7b3038f7"
        },
        {
          "type": "renderModule",
          "assetId": "K5e8nSjrQ4",
          "checksum": "36896eb4e5a7a3e8569747649caba731"
        },
        {
          "type": "cssRules",
          "assetId": "K5e8nSjrQ4",
          "checksum": "36896eb4e5a7a3e8569747649caba731"
        },
        {
          "type": "renderModule",
          "assetId": "HXElpPSN5x",
          "checksum": "3aa59a36835837d715e76c046e084707"
        },
        {
          "type": "cssRules",
          "assetId": "HXElpPSN5x",
          "checksum": "3aa59a36835837d715e76c046e084707"
        },
        {
          "assetId": "32A6R5tEk8Q2nVvJmPnVbf",
          "type": "projectCss",
          "checksum": "f65b1bc76ad267523665695478223fea"
        }
      ],
      "codegenVersion": "0.0.1"
    }
  ],
  "cliVersion": "0.1.174"
}
